
Microsoft Visual Studio Solution File, Format Version 12.00
# Visual Studio Version 17
VisualStudioVersion = 17.13.35825.156 d17.13
MinimumVisualStudioVersion = 10.0.40219.1
Project("{FAE04EC0-301F-11D3-BF4B-00C04F79EFBC}") = "FieldsService", "FieldsService.csproj", "{624E396E-4944-412E-9DDE-691544004EAE}"
EndProject
Global
	GlobalSection(SolutionConfigurationPlatforms) = preSolution
		Debug|Any CPU = Debug|Any CPU
		Release|Any CPU = Release|Any CPU
	EndGlobalSection
	GlobalSection(ProjectConfigurationPlatforms) = postSolution
		{624E396E-4944-412E-9DDE-691544004EAE}.Debug|Any CPU.ActiveCfg = Debug|Any CPU
		{624E396E-4944-412E-9DDE-691544004EAE}.Debug|Any CPU.Build.0 = Debug|Any CPU
		{624E396E-4944-412E-9DDE-691544004EAE}.Release|Any CPU.ActiveCfg = Release|Any CPU
		{624E396E-4944-412E-9DDE-691544004EAE}.Release|Any CPU.Build.0 = Release|Any CPU
	EndGlobalSection
	GlobalSection(SolutionProperties) = preSolution
		HideSolutionNode = FALSE
	EndGlobalSection
	GlobalSection(ExtensibilityGlobals) = postSolution
		SolutionGuid = {26184224-3810-4E11-A462-6A5E3BBCCBD4}
	EndGlobalSection
EndGlobal
