
Microsoft Visual Studio Solution File, Format Version 12.00
# Visual Studio Version 17
VisualStudioVersion = 17.13.35825.156 d17.13
MinimumVisualStudioVersion = 10.0.40219.1
Project("{FAE04EC0-301F-11D3-BF4B-00C04F79EFBC}") = "TestTypeService", "TestTypeService.csproj", "{7EF719AF-D48D-4909-B012-BD89DCE409A9}"
EndProject
Global
	GlobalSection(SolutionConfigurationPlatforms) = preSolution
		Debug|Any CPU = Debug|Any CPU
		Release|Any CPU = Release|Any CPU
	EndGlobalSection
	GlobalSection(ProjectConfigurationPlatforms) = postSolution
		{7EF719AF-D48D-4909-B012-BD89DCE409A9}.Debug|Any CPU.ActiveCfg = Debug|Any CPU
		{7EF719AF-D48D-4909-B012-BD89DCE409A9}.Debug|Any CPU.Build.0 = Debug|Any CPU
		{7EF719AF-D48D-4909-B012-BD89DCE409A9}.Release|Any CPU.ActiveCfg = Release|Any CPU
		{7EF719AF-D48D-4909-B012-BD89DCE409A9}.Release|Any CPU.Build.0 = Release|Any CPU
	EndGlobalSection
	GlobalSection(SolutionProperties) = preSolution
		HideSolutionNode = FALSE
	EndGlobalSection
	GlobalSection(ExtensibilityGlobals) = postSolution
		SolutionGuid = {6DAEDC71-034A-4146-9D44-CB395149FC56}
	EndGlobalSection
EndGlobal
